
Microsoft Visual Studio Solution File, Format Version 12.00
# Visual Studio Version 17
VisualStudioVersion = 17.0.31903.59
MinimumVisualStudioVersion = 10.0.40219.1
Project("{FAE04EC0-301F-11D3-BF4B-00C04F79EFBC}") = "DesktopServerManager", "Lite\DesktopServerManager\DesktopServerManager.csproj", "{B8D8D8D8-D8D8-D8D8-D8D8-D8D8D8D8D8D8}"
EndProject
Project("{FAE04EC0-301F-11D3-BF4B-00C04F79EFBC}") = "DesktopServerSetup", "Lite\DesktopServerSetup\DesktopServerSetupLite.csproj", "{C9C9C9C9-C9C9-C9C9-C9C9-C9C9C9C9C9C9}"
EndProject
Project("{FAE04EC0-301F-11D3-BF4B-00C04F79EFBC}") = "DesktopServerManagerPro", "Pro\DesktopServerManagerPro\DesktopServerManagerPro.csproj", "{F1F1F1F1-F1F1-F1F1-F1F1-F1F1F1F1F1F1}"
EndProject
Project("{FAE04EC0-301F-11D3-BF4B-00C04F79EFBC}") = "DesktopServerSetupPro", "Pro\DesktopServerSetupPro\DesktopServerSetupPro.csproj", "{F2F2F2F2-F2F2-F2F2-F2F2-F2F2F2F2F2F2}"
EndProject
Project("{2150E333-8FDC-42A3-9474-1A3956D46DE8}") = "Lite", "Lite", "{A1A1A1A1-A1A1-A1A1-A1A1-A1A1A1A1A1A1}"
EndProject
Project("{2150E333-8FDC-42A3-9474-1A3956D46DE8}") = "Pro", "Pro", "{B2B2B2B2-B2B2-B2B2-B2B2-B2B2B2B2B2B2}"
EndProject
Project("{2150E333-8FDC-42A3-9474-1A3956D46DE8}") = "Go", "Go", "{F2E7F09F-1CB0-9352-9AAA-C430972E1581}"
EndProject
Project("{FAE04EC0-301F-11D3-BF4B-00C04F79EFBC}") = "DesktopServerManagerGo", "Go\DesktopServerManagerGo\DesktopServerManagerGo.csproj", "{16CB5146-FA3D-4775-AA7F-BA041F10DEF9}"
EndProject
Project("{FAE04EC0-301F-11D3-BF4B-00C04F79EFBC}") = "DesktopServerSetupGo", "Go\DesktopServerSetupGo\DesktopServerSetupGo.csproj", "{0A4ED651-1B61-4305-81A1-1977509E8F5D}"
EndProject
Global
	GlobalSection(SolutionConfigurationPlatforms) = preSolution
		Debug|Any CPU = Debug|Any CPU
		Debug|x64 = Debug|x64
		Debug|x86 = Debug|x86
		Release|Any CPU = Release|Any CPU
		Release|x64 = Release|x64
		Release|x86 = Release|x86
	EndGlobalSection
	GlobalSection(ProjectConfigurationPlatforms) = postSolution
		{B8D8D8D8-D8D8-D8D8-D8D8-D8D8D8D8D8D8}.Debug|Any CPU.ActiveCfg = Debug|Any CPU
		{B8D8D8D8-D8D8-D8D8-D8D8-D8D8D8D8D8D8}.Debug|Any CPU.Build.0 = Debug|Any CPU
		{B8D8D8D8-D8D8-D8D8-D8D8-D8D8D8D8D8D8}.Debug|x64.ActiveCfg = Debug|Any CPU
		{B8D8D8D8-D8D8-D8D8-D8D8-D8D8D8D8D8D8}.Debug|x64.Build.0 = Debug|Any CPU
		{B8D8D8D8-D8D8-D8D8-D8D8-D8D8D8D8D8D8}.Debug|x86.ActiveCfg = Debug|Any CPU
		{B8D8D8D8-D8D8-D8D8-D8D8-D8D8D8D8D8D8}.Debug|x86.Build.0 = Debug|Any CPU
		{B8D8D8D8-D8D8-D8D8-D8D8-D8D8D8D8D8D8}.Release|Any CPU.ActiveCfg = Release|Any CPU
		{B8D8D8D8-D8D8-D8D8-D8D8-D8D8D8D8D8D8}.Release|Any CPU.Build.0 = Release|Any CPU
		{B8D8D8D8-D8D8-D8D8-D8D8-D8D8D8D8D8D8}.Release|x64.ActiveCfg = Release|Any CPU
		{B8D8D8D8-D8D8-D8D8-D8D8-D8D8D8D8D8D8}.Release|x64.Build.0 = Release|Any CPU
		{B8D8D8D8-D8D8-D8D8-D8D8-D8D8D8D8D8D8}.Release|x86.ActiveCfg = Release|Any CPU
		{B8D8D8D8-D8D8-D8D8-D8D8-D8D8D8D8D8D8}.Release|x86.Build.0 = Release|Any CPU
		{C9C9C9C9-C9C9-C9C9-C9C9-C9C9C9C9C9C9}.Debug|Any CPU.ActiveCfg = Debug|Any CPU
		{C9C9C9C9-C9C9-C9C9-C9C9-C9C9C9C9C9C9}.Debug|Any CPU.Build.0 = Debug|Any CPU
		{C9C9C9C9-C9C9-C9C9-C9C9-C9C9C9C9C9C9}.Debug|x64.ActiveCfg = Debug|Any CPU
		{C9C9C9C9-C9C9-C9C9-C9C9-C9C9C9C9C9C9}.Debug|x64.Build.0 = Debug|Any CPU
		{C9C9C9C9-C9C9-C9C9-C9C9-C9C9C9C9C9C9}.Debug|x86.ActiveCfg = Debug|Any CPU
		{C9C9C9C9-C9C9-C9C9-C9C9-C9C9C9C9C9C9}.Debug|x86.Build.0 = Debug|Any CPU
		{C9C9C9C9-C9C9-C9C9-C9C9-C9C9C9C9C9C9}.Release|Any CPU.ActiveCfg = Release|Any CPU
		{C9C9C9C9-C9C9-C9C9-C9C9-C9C9C9C9C9C9}.Release|Any CPU.Build.0 = Release|Any CPU
		{C9C9C9C9-C9C9-C9C9-C9C9-C9C9C9C9C9C9}.Release|x64.ActiveCfg = Release|Any CPU
		{C9C9C9C9-C9C9-C9C9-C9C9-C9C9C9C9C9C9}.Release|x64.Build.0 = Release|Any CPU
		{C9C9C9C9-C9C9-C9C9-C9C9-C9C9C9C9C9C9}.Release|x86.ActiveCfg = Release|Any CPU
		{C9C9C9C9-C9C9-C9C9-C9C9-C9C9C9C9C9C9}.Release|x86.Build.0 = Release|Any CPU
		{F1F1F1F1-F1F1-F1F1-F1F1-F1F1F1F1F1F1}.Debug|Any CPU.ActiveCfg = Debug|Any CPU
		{F1F1F1F1-F1F1-F1F1-F1F1-F1F1F1F1F1F1}.Debug|Any CPU.Build.0 = Debug|Any CPU
		{F1F1F1F1-F1F1-F1F1-F1F1-F1F1F1F1F1F1}.Debug|x64.ActiveCfg = Debug|Any CPU
		{F1F1F1F1-F1F1-F1F1-F1F1-F1F1F1F1F1F1}.Debug|x64.Build.0 = Debug|Any CPU
		{F1F1F1F1-F1F1-F1F1-F1F1-F1F1F1F1F1F1}.Debug|x86.ActiveCfg = Debug|Any CPU
		{F1F1F1F1-F1F1-F1F1-F1F1-F1F1F1F1F1F1}.Debug|x86.Build.0 = Debug|Any CPU
		{F1F1F1F1-F1F1-F1F1-F1F1-F1F1F1F1F1F1}.Release|Any CPU.ActiveCfg = Release|Any CPU
		{F1F1F1F1-F1F1-F1F1-F1F1-F1F1F1F1F1F1}.Release|Any CPU.Build.0 = Release|Any CPU
		{F1F1F1F1-F1F1-F1F1-F1F1-F1F1F1F1F1F1}.Release|x64.ActiveCfg = Release|Any CPU
		{F1F1F1F1-F1F1-F1F1-F1F1-F1F1F1F1F1F1}.Release|x64.Build.0 = Release|Any CPU
		{F1F1F1F1-F1F1-F1F1-F1F1-F1F1F1F1F1F1}.Release|x86.ActiveCfg = Release|Any CPU
		{F1F1F1F1-F1F1-F1F1-F1F1-F1F1F1F1F1F1}.Release|x86.Build.0 = Release|Any CPU
		{F2F2F2F2-F2F2-F2F2-F2F2-F2F2F2F2F2F2}.Debug|Any CPU.ActiveCfg = Debug|Any CPU
		{F2F2F2F2-F2F2-F2F2-F2F2-F2F2F2F2F2F2}.Debug|Any CPU.Build.0 = Debug|Any CPU
		{F2F2F2F2-F2F2-F2F2-F2F2-F2F2F2F2F2F2}.Debug|x64.ActiveCfg = Debug|Any CPU
		{F2F2F2F2-F2F2-F2F2-F2F2-F2F2F2F2F2F2}.Debug|x64.Build.0 = Debug|Any CPU
		{F2F2F2F2-F2F2-F2F2-F2F2-F2F2F2F2F2F2}.Debug|x86.ActiveCfg = Debug|Any CPU
		{F2F2F2F2-F2F2-F2F2-F2F2-F2F2F2F2F2F2}.Debug|x86.Build.0 = Debug|Any CPU
		{F2F2F2F2-F2F2-F2F2-F2F2-F2F2F2F2F2F2}.Release|Any CPU.ActiveCfg = Release|Any CPU
		{F2F2F2F2-F2F2-F2F2-F2F2-F2F2F2F2F2F2}.Release|Any CPU.Build.0 = Release|Any CPU
		{F2F2F2F2-F2F2-F2F2-F2F2-F2F2F2F2F2F2}.Release|x64.ActiveCfg = Release|Any CPU
		{F2F2F2F2-F2F2-F2F2-F2F2-F2F2F2F2F2F2}.Release|x64.Build.0 = Release|Any CPU
		{F2F2F2F2-F2F2-F2F2-F2F2-F2F2F2F2F2F2}.Release|x86.ActiveCfg = Release|Any CPU
		{F2F2F2F2-F2F2-F2F2-F2F2-F2F2F2F2F2F2}.Release|x86.Build.0 = Release|Any CPU
		{16CB5146-FA3D-4775-AA7F-BA041F10DEF9}.Debug|Any CPU.ActiveCfg = Debug|Any CPU
		{16CB5146-FA3D-4775-AA7F-BA041F10DEF9}.Debug|Any CPU.Build.0 = Debug|Any CPU
		{16CB5146-FA3D-4775-AA7F-BA041F10DEF9}.Debug|x64.ActiveCfg = Debug|Any CPU
		{16CB5146-FA3D-4775-AA7F-BA041F10DEF9}.Debug|x64.Build.0 = Debug|Any CPU
		{16CB5146-FA3D-4775-AA7F-BA041F10DEF9}.Debug|x86.ActiveCfg = Debug|Any CPU
		{16CB5146-FA3D-4775-AA7F-BA041F10DEF9}.Debug|x86.Build.0 = Debug|Any CPU
		{16CB5146-FA3D-4775-AA7F-BA041F10DEF9}.Release|Any CPU.ActiveCfg = Release|Any CPU
		{16CB5146-FA3D-4775-AA7F-BA041F10DEF9}.Release|Any CPU.Build.0 = Release|Any CPU
		{16CB5146-FA3D-4775-AA7F-BA041F10DEF9}.Release|x64.ActiveCfg = Release|Any CPU
		{16CB5146-FA3D-4775-AA7F-BA041F10DEF9}.Release|x64.Build.0 = Release|Any CPU
		{16CB5146-FA3D-4775-AA7F-BA041F10DEF9}.Release|x86.ActiveCfg = Release|Any CPU
		{16CB5146-FA3D-4775-AA7F-BA041F10DEF9}.Release|x86.Build.0 = Release|Any CPU
		{0A4ED651-1B61-4305-81A1-1977509E8F5D}.Debug|Any CPU.ActiveCfg = Debug|Any CPU
		{0A4ED651-1B61-4305-81A1-1977509E8F5D}.Debug|Any CPU.Build.0 = Debug|Any CPU
		{0A4ED651-1B61-4305-81A1-1977509E8F5D}.Debug|x64.ActiveCfg = Debug|Any CPU
		{0A4ED651-1B61-4305-81A1-1977509E8F5D}.Debug|x64.Build.0 = Debug|Any CPU
		{0A4ED651-1B61-4305-81A1-1977509E8F5D}.Debug|x86.ActiveCfg = Debug|Any CPU
		{0A4ED651-1B61-4305-81A1-1977509E8F5D}.Debug|x86.Build.0 = Debug|Any CPU
		{0A4ED651-1B61-4305-81A1-1977509E8F5D}.Release|Any CPU.ActiveCfg = Release|Any CPU
		{0A4ED651-1B61-4305-81A1-1977509E8F5D}.Release|Any CPU.Build.0 = Release|Any CPU
		{0A4ED651-1B61-4305-81A1-1977509E8F5D}.Release|x64.ActiveCfg = Release|Any CPU
		{0A4ED651-1B61-4305-81A1-1977509E8F5D}.Release|x64.Build.0 = Release|Any CPU
		{0A4ED651-1B61-4305-81A1-1977509E8F5D}.Release|x86.ActiveCfg = Release|Any CPU
		{0A4ED651-1B61-4305-81A1-1977509E8F5D}.Release|x86.Build.0 = Release|Any CPU
	EndGlobalSection
	GlobalSection(SolutionProperties) = preSolution
		HideSolutionNode = FALSE
	EndGlobalSection
	GlobalSection(NestedProjects) = preSolution
		{B8D8D8D8-D8D8-D8D8-D8D8-D8D8D8D8D8D8} = {A1A1A1A1-A1A1-A1A1-A1A1-A1A1A1A1A1A1}
		{C9C9C9C9-C9C9-C9C9-C9C9-C9C9C9C9C9C9} = {A1A1A1A1-A1A1-A1A1-A1A1-A1A1A1A1A1A1}
		{F1F1F1F1-F1F1-F1F1-F1F1-F1F1F1F1F1F1} = {B2B2B2B2-B2B2-B2B2-B2B2-B2B2B2B2B2B2}
		{F2F2F2F2-F2F2-F2F2-F2F2-F2F2F2F2F2F2} = {B2B2B2B2-B2B2-B2B2-B2B2-B2B2B2B2B2B2}
		{16CB5146-FA3D-4775-AA7F-BA041F10DEF9} = {F2E7F09F-1CB0-9352-9AAA-C430972E1581}
		{0A4ED651-1B61-4305-81A1-1977509E8F5D} = {F2E7F09F-1CB0-9352-9AAA-C430972E1581}
	EndGlobalSection
EndGlobal
